
Microsoft Visual Studio Solution File, Format Version 12.00
# Visual Studio Version 17
VisualStudioVersion = 17.5.33502.453
MinimumVisualStudioVersion = 10.0.40219.1
Project("{9A19103F-16F7-4668-BE54-9A1E7A4F7556}") = "Calculator", "Calculator\Calculator.csproj", "{7A93B86D-005A-4C25-932C-B830416ED68E}"
EndProject
Project("{9A19103F-16F7-4668-BE54-9A1E7A4F7556}") = "Calculator.Logic", "Calculator.Logic\Calculator.Logic.csproj", "{31122916-31F1-412A-8120-8DC6225A90A6}"
EndProject
Project("{9A19103F-16F7-4668-BE54-9A1E7A4F7556}") = "Calculator.Logic.Tests", "Calculator.Logic.Tests\Calculator.Logic.Tests.csproj", "{EBB114C2-9ABF-4EC3-BE73-BE1B2F55B7C2}"
EndProject
Project("{9A19103F-16F7-4668-BE54-9A1E7A4F7556}") = "Calculator.API", "Calculator.API\Calculator.API.csproj", "{CA947E39-8315-404B-A479-7166E4A48379}"
EndProject
Project("{9A19103F-16F7-4668-BE54-9A1E7A4F7556}") = "Calculator.Domain", "Calculator.Domain\Calculator.Domain.csproj", "{117F5B82-9915-44A5-9CF9-4C3156C80A0B}"
EndProject
Project("{9A19103F-16F7-4668-BE54-9A1E7A4F7556}") = "Calculator.Domain.Tests", "Calculator.Domain.Tests\Calculator.Domain.Tests.csproj", "{D3F75570-F56F-40DE-8E75-7103B60A9647}"
EndProject
Project("{9A19103F-16F7-4668-BE54-9A1E7A4F7556}") = "Calculator.API.Tests", "Calculator.API.Tests\Calculator.API.Tests.csproj", "{9F5626EF-D2C2-4F95-80AF-1D252D391510}"
EndProject
Global
	GlobalSection(SolutionConfigurationPlatforms) = preSolution
		Debug|Any CPU = Debug|Any CPU
		Release|Any CPU = Release|Any CPU
	EndGlobalSection
	GlobalSection(ProjectConfigurationPlatforms) = postSolution
		{7A93B86D-005A-4C25-932C-B830416ED68E}.Debug|Any CPU.ActiveCfg = Debug|Any CPU
		{7A93B86D-005A-4C25-932C-B830416ED68E}.Debug|Any CPU.Build.0 = Debug|Any CPU
		{7A93B86D-005A-4C25-932C-B830416ED68E}.Release|Any CPU.ActiveCfg = Release|Any CPU
		{7A93B86D-005A-4C25-932C-B830416ED68E}.Release|Any CPU.Build.0 = Release|Any CPU
		{31122916-31F1-412A-8120-8DC6225A90A6}.Debug|Any CPU.ActiveCfg = Debug|Any CPU
		{31122916-31F1-412A-8120-8DC6225A90A6}.Debug|Any CPU.Build.0 = Debug|Any CPU
		{31122916-31F1-412A-8120-8DC6225A90A6}.Release|Any CPU.ActiveCfg = Release|Any CPU
		{31122916-31F1-412A-8120-8DC6225A90A6}.Release|Any CPU.Build.0 = Release|Any CPU
		{EBB114C2-9ABF-4EC3-BE73-BE1B2F55B7C2}.Debug|Any CPU.ActiveCfg = Debug|Any CPU
		{EBB114C2-9ABF-4EC3-BE73-BE1B2F55B7C2}.Debug|Any CPU.Build.0 = Debug|Any CPU
		{EBB114C2-9ABF-4EC3-BE73-BE1B2F55B7C2}.Release|Any CPU.ActiveCfg = Release|Any CPU
		{EBB114C2-9ABF-4EC3-BE73-BE1B2F55B7C2}.Release|Any CPU.Build.0 = Release|Any CPU
		{CA947E39-8315-404B-A479-7166E4A48379}.Debug|Any CPU.ActiveCfg = Debug|Any CPU
		{CA947E39-8315-404B-A479-7166E4A48379}.Debug|Any CPU.Build.0 = Debug|Any CPU
		{CA947E39-8315-404B-A479-7166E4A48379}.Release|Any CPU.ActiveCfg = Release|Any CPU
		{CA947E39-8315-404B-A479-7166E4A48379}.Release|Any CPU.Build.0 = Release|Any CPU
		{117F5B82-9915-44A5-9CF9-4C3156C80A0B}.Debug|Any CPU.ActiveCfg = Debug|Any CPU
		{117F5B82-9915-44A5-9CF9-4C3156C80A0B}.Debug|Any CPU.Build.0 = Debug|Any CPU
		{117F5B82-9915-44A5-9CF9-4C3156C80A0B}.Release|Any CPU.ActiveCfg = Release|Any CPU
		{117F5B82-9915-44A5-9CF9-4C3156C80A0B}.Release|Any CPU.Build.0 = Release|Any CPU
		{D3F75570-F56F-40DE-8E75-7103B60A9647}.Debug|Any CPU.ActiveCfg = Debug|Any CPU
		{D3F75570-F56F-40DE-8E75-7103B60A9647}.Debug|Any CPU.Build.0 = Debug|Any CPU
		{D3F75570-F56F-40DE-8E75-7103B60A9647}.Release|Any CPU.ActiveCfg = Release|Any CPU
		{D3F75570-F56F-40DE-8E75-7103B60A9647}.Release|Any CPU.Build.0 = Release|Any CPU
		{9F5626EF-D2C2-4F95-80AF-1D252D391510}.Debug|Any CPU.ActiveCfg = Debug|Any CPU
		{9F5626EF-D2C2-4F95-80AF-1D252D391510}.Debug|Any CPU.Build.0 = Debug|Any CPU
		{9F5626EF-D2C2-4F95-80AF-1D252D391510}.Release|Any CPU.ActiveCfg = Release|Any CPU
		{9F5626EF-D2C2-4F95-80AF-1D252D391510}.Release|Any CPU.Build.0 = Release|Any CPU
	EndGlobalSection
	GlobalSection(SolutionProperties) = preSolution
		HideSolutionNode = FALSE
	EndGlobalSection
	GlobalSection(ExtensibilityGlobals) = postSolution
		SolutionGuid = {B3CC6439-A81E-47CD-BD4D-04B256297A88}
	EndGlobalSection
EndGlobal
